{
    "version": 3,
    "terraform_version": "0.11.8",
    "serial": 3,
    "lineage": "0b3abba0-993d-68f7-775d-b2b9be64724c",
    "modules": [
        {
            "path": [
                "root"
            ],
            "outputs": {},
            "resources": {
                "aws_internet_gateway.gateway": {
                    "type": "aws_internet_gateway",
                    "depends_on": [
                        "aws_vpc.main"
                    ],
                    "primary": {
                        "id": "igw-0d8e0b3258d30fb26",
                        "attributes": {
                            "id": "igw-0d8e0b3258d30fb26",
                            "tags.%": "1",
                            "tags.Name": "main_gateway",
                            "vpc_id": "vpc-0efe3afad2f33be13"
                        },
                        "meta": {},
                        "tainted": false
                    },
                    "deposed": [],
                    "provider": "provider.aws"
                },
                "aws_route_table.route_table": {
                    "type": "aws_route_table",
                    "depends_on": [
                        "aws_internet_gateway.gateway",
                        "aws_vpc.main"
                    ],
                    "primary": {
                        "id": "rtb-06304d64e35b212fa",
                        "attributes": {
                            "id": "rtb-06304d64e35b212fa",
                            "propagating_vgws.#": "0",
                            "route.#": "1",
                            "route.2924510843.cidr_block": "0.0.0.0/0",
                            "route.2924510843.egress_only_gateway_id": "",
                            "route.2924510843.gateway_id": "igw-0d8e0b3258d30fb26",
                            "route.2924510843.instance_id": "",
                            "route.2924510843.ipv6_cidr_block": "",
                            "route.2924510843.nat_gateway_id": "",
                            "route.2924510843.network_interface_id": "",
                            "route.2924510843.vpc_peering_connection_id": "",
                            "tags.%": "1",
                            "tags.Name": "Route Table Main_Gateway",
                            "vpc_id": "vpc-0efe3afad2f33be13"
                        },
                        "meta": {},
                        "tainted": false
                    },
                    "deposed": [],
                    "provider": "provider.aws"
                },
                "aws_route_table_association.rt_association_a": {
                    "type": "aws_route_table_association",
                    "depends_on": [
                        "aws_route_table.route_table",
                        "aws_subnet.subnet_a"
                    ],
                    "primary": {
                        "id": "rtbassoc-0104a79fc1586e4c6",
                        "attributes": {
                            "id": "rtbassoc-0104a79fc1586e4c6",
                            "route_table_id": "rtb-06304d64e35b212fa",
                            "subnet_id": "subnet-0b5d22831246b7c3b"
                        },
                        "meta": {},
                        "tainted": false
                    },
                    "deposed": [],
                    "provider": "provider.aws"
                },
                "aws_route_table_association.rt_association_b": {
                    "type": "aws_route_table_association",
                    "depends_on": [
                        "aws_route_table.route_table",
                        "aws_subnet.subnet_b"
                    ],
                    "primary": {
                        "id": "rtbassoc-013ba8b056b68c6d8",
                        "attributes": {
                            "id": "rtbassoc-013ba8b056b68c6d8",
                            "route_table_id": "rtb-06304d64e35b212fa",
                            "subnet_id": "subnet-001f65ab58d2f7aeb"
                        },
                        "meta": {},
                        "tainted": false
                    },
                    "deposed": [],
                    "provider": "provider.aws"
                },
                "aws_security_group.application_servers": {
                    "type": "aws_security_group",
                    "depends_on": [
                        "aws_vpc.main"
                    ],
                    "primary": {
                        "id": "sg-072e3fe5e77ebd098",
                        "attributes": {
                            "arn": "arn:aws:ec2:us-east-1:882165092973:security-group/sg-072e3fe5e77ebd098",
                            "description": "Allow Inbound/Outbound Traffic for Application Servers",
                            "egress.#": "0",
                            "id": "sg-072e3fe5e77ebd098",
                            "ingress.#": "1",
                            "ingress.516175195.cidr_blocks.#": "1",
                            "ingress.516175195.cidr_blocks.0": "0.0.0.0/0",
                            "ingress.516175195.description": "",
                            "ingress.516175195.from_port": "8080",
                            "ingress.516175195.ipv6_cidr_blocks.#": "0",
                            "ingress.516175195.protocol": "tcp",
                            "ingress.516175195.security_groups.#": "0",
                            "ingress.516175195.self": "false",
                            "ingress.516175195.to_port": "8080",
                            "name": "Application Server Security Group",
                            "owner_id": "882165092973",
                            "revoke_rules_on_delete": "false",
                            "tags.%": "0",
                            "vpc_id": "vpc-0efe3afad2f33be13"
                        },
                        "meta": {
                            "e2bfb730-ecaa-11e6-8f88-34363bc7c4c0": {
                                "create": 600000000000,
                                "delete": 600000000000
                            },
                            "schema_version": "1"
                        },
                        "tainted": false
                    },
                    "deposed": [],
                    "provider": "provider.aws"
                },
                "aws_security_group.general": {
                    "type": "aws_security_group",
                    "depends_on": [],
                    "primary": {
                        "id": "sg-0f4df8708b4db946e",
                        "attributes": {
                            "arn": "arn:aws:ec2:us-east-1:882165092973:security-group/sg-0f4df8708b4db946e",
                            "description": "Managed by Terraform",
                            "egress.#": "1",
                            "egress.482069346.cidr_blocks.#": "1",
                            "egress.482069346.cidr_blocks.0": "0.0.0.0/0",
                            "egress.482069346.description": "",
                            "egress.482069346.from_port": "0",
                            "egress.482069346.ipv6_cidr_blocks.#": "0",
                            "egress.482069346.prefix_list_ids.#": "0",
                            "egress.482069346.protocol": "-1",
                            "egress.482069346.security_groups.#": "0",
                            "egress.482069346.self": "false",
                            "egress.482069346.to_port": "0",
                            "id": "sg-0f4df8708b4db946e",
                            "ingress.#": "1",
                            "ingress.2541437006.cidr_blocks.#": "1",
                            "ingress.2541437006.cidr_blocks.0": "0.0.0.0/0",
                            "ingress.2541437006.description": "",
                            "ingress.2541437006.from_port": "22",
                            "ingress.2541437006.ipv6_cidr_blocks.#": "0",
                            "ingress.2541437006.protocol": "tcp",
                            "ingress.2541437006.security_groups.#": "0",
                            "ingress.2541437006.self": "false",
                            "ingress.2541437006.to_port": "22",
                            "name": "terraform-20180828231845496100000001",
                            "owner_id": "882165092973",
                            "revoke_rules_on_delete": "false",
                            "tags.%": "0",
                            "vpc_id": "vpc-03faec78"
                        },
                        "meta": {
                            "e2bfb730-ecaa-11e6-8f88-34363bc7c4c0": {
                                "create": 600000000000,
                                "delete": 600000000000
                            },
                            "schema_version": "1"
                        },
                        "tainted": false
                    },
                    "deposed": [],
                    "provider": "provider.aws"
                },
                "aws_security_group.web_servers": {
                    "type": "aws_security_group",
                    "depends_on": [
                        "aws_vpc.main"
                    ],
                    "primary": {
                        "id": "sg-08383dbc70acc24de",
                        "attributes": {
                            "arn": "arn:aws:ec2:us-east-1:882165092973:security-group/sg-08383dbc70acc24de",
                            "description": "Allow Inbound/Outbound Traffic for Web Servers",
                            "egress.#": "0",
                            "id": "sg-08383dbc70acc24de",
                            "ingress.#": "1",
                            "ingress.2214680975.cidr_blocks.#": "1",
                            "ingress.2214680975.cidr_blocks.0": "0.0.0.0/0",
                            "ingress.2214680975.description": "",
                            "ingress.2214680975.from_port": "80",
                            "ingress.2214680975.ipv6_cidr_blocks.#": "0",
                            "ingress.2214680975.protocol": "tcp",
                            "ingress.2214680975.security_groups.#": "0",
                            "ingress.2214680975.self": "false",
                            "ingress.2214680975.to_port": "80",
                            "name": "WebServerSG",
                            "owner_id": "882165092973",
                            "revoke_rules_on_delete": "false",
                            "tags.%": "0",
                            "vpc_id": "vpc-0efe3afad2f33be13"
                        },
                        "meta": {
                            "e2bfb730-ecaa-11e6-8f88-34363bc7c4c0": {
                                "create": 600000000000,
                                "delete": 600000000000
                            },
                            "schema_version": "1"
                        },
                        "tainted": false
                    },
                    "deposed": [],
                    "provider": "provider.aws"
                },
                "aws_subnet.subnet_a": {
                    "type": "aws_subnet",
                    "depends_on": [
                        "aws_vpc.main",
                        "data.aws_availability_zones.available"
                    ],
                    "primary": {
                        "id": "subnet-0b5d22831246b7c3b",
                        "attributes": {
                            "arn": "arn:aws:ec2:us-east-1:882165092973:subnet/subnet-0b5d22831246b7c3b",
                            "assign_ipv6_address_on_creation": "false",
                            "availability_zone": "us-east-1b",
                            "cidr_block": "10.0.1.0/24",
                            "id": "subnet-0b5d22831246b7c3b",
                            "map_public_ip_on_launch": "true",
                            "tags.%": "1",
                            "tags.Name": "main_subnet_a",
                            "vpc_id": "vpc-0efe3afad2f33be13"
                        },
                        "meta": {
                            "schema_version": "1"
                        },
                        "tainted": false
                    },
                    "deposed": [],
                    "provider": "provider.aws"
                },
                "aws_subnet.subnet_admin": {
                    "type": "aws_subnet",
                    "depends_on": [
                        "aws_vpc.main",
                        "data.aws_availability_zones.available"
                    ],
                    "primary": {
                        "id": "subnet-05c7faf884adc1226",
                        "attributes": {
                            "arn": "arn:aws:ec2:us-east-1:882165092973:subnet/subnet-05c7faf884adc1226",
                            "assign_ipv6_address_on_creation": "false",
                            "availability_zone": "us-east-1a",
                            "cidr_block": "10.0.99.0/24",
                            "id": "subnet-05c7faf884adc1226",
                            "map_public_ip_on_launch": "true",
                            "tags.%": "1",
                            "tags.Name": "main_subnet_a",
                            "vpc_id": "vpc-0efe3afad2f33be13"
                        },
                        "meta": {
                            "schema_version": "1"
                        },
                        "tainted": false
                    },
                    "deposed": [],
                    "provider": "provider.aws"
                },
                "aws_subnet.subnet_b": {
                    "type": "aws_subnet",
                    "depends_on": [
                        "aws_vpc.main",
                        "data.aws_availability_zones.available"
                    ],
                    "primary": {
                        "id": "subnet-001f65ab58d2f7aeb",
                        "attributes": {
                            "arn": "arn:aws:ec2:us-east-1:882165092973:subnet/subnet-001f65ab58d2f7aeb",
                            "assign_ipv6_address_on_creation": "false",
                            "availability_zone": "us-east-1c",
                            "cidr_block": "10.0.2.0/24",
                            "id": "subnet-001f65ab58d2f7aeb",
                            "map_public_ip_on_launch": "true",
                            "tags.%": "1",
                            "tags.Name": "main_subnet_a",
                            "vpc_id": "vpc-0efe3afad2f33be13"
                        },
                        "meta": {
                            "schema_version": "1"
                        },
                        "tainted": false
                    },
                    "deposed": [],
                    "provider": "provider.aws"
                },
                "aws_vpc.main": {
                    "type": "aws_vpc",
                    "depends_on": [],
                    "primary": {
                        "id": "vpc-0efe3afad2f33be13",
                        "attributes": {
                            "arn": "arn:aws:ec2:us-east-1:882165092973:vpc/vpc-0efe3afad2f33be13",
                            "assign_generated_ipv6_cidr_block": "false",
                            "cidr_block": "10.0.0.0/16",
                            "default_network_acl_id": "acl-0837db803c8231f87",
                            "default_route_table_id": "rtb-0f4e25d3db0d2525d",
                            "default_security_group_id": "sg-0f549f614e9b95e5e",
                            "dhcp_options_id": "dopt-0bb10770",
                            "enable_classiclink": "false",
                            "enable_classiclink_dns_support": "false",
                            "enable_dns_hostnames": "true",
                            "enable_dns_support": "true",
                            "id": "vpc-0efe3afad2f33be13",
                            "instance_tenancy": "default",
                            "main_route_table_id": "rtb-0f4e25d3db0d2525d",
                            "tags.%": "2",
                            "tags.Description": "In this VPC is the home of tf_aws_javaExample project",
                            "tags.Name": "main"
                        },
                        "meta": {
                            "schema_version": "1"
                        },
                        "tainted": false
                    },
                    "deposed": [],
                    "provider": "provider.aws"
                },
                "data.aws_ami.centos": {
                    "type": "aws_ami",
                    "depends_on": [],
                    "primary": {
                        "id": "ami-3bf1b444",
                        "attributes": {
                            "architecture": "x86_64",
                            "block_device_mappings.#": "1",
                            "block_device_mappings.1564431925.device_name": "/dev/sda1",
                            "block_device_mappings.1564431925.ebs.%": "6",
                            "block_device_mappings.1564431925.ebs.delete_on_termination": "false",
                            "block_device_mappings.1564431925.ebs.encrypted": "false",
                            "block_device_mappings.1564431925.ebs.iops": "0",
                            "block_device_mappings.1564431925.ebs.snapshot_id": "snap-0b070efefe8146730",
                            "block_device_mappings.1564431925.ebs.volume_size": "10",
                            "block_device_mappings.1564431925.ebs.volume_type": "standard",
                            "block_device_mappings.1564431925.no_device": "",
                            "block_device_mappings.1564431925.virtual_name": "",
                            "creation_date": "2018-06-11T15:59:16.000Z",
                            "description": "CentOS Atomic Host 7 x86_64 HVM EBS 1805_01",
                            "filter.#": "1",
                            "filter.490168357.name": "virtualization-type",
                            "filter.490168357.values.#": "1",
                            "filter.490168357.values.0": "hvm",
                            "hypervisor": "xen",
                            "id": "ami-3bf1b444",
                            "image_id": "ami-3bf1b444",
                            "image_location": "410186602215/CentOS Atomic Host 7 x86_64 HVM EBS 1805_01",
                            "image_type": "machine",
                            "most_recent": "true",
                            "name": "CentOS Atomic Host 7 x86_64 HVM EBS 1805_01",
                            "owner_id": "410186602215",
                            "owners.#": "1",
                            "owners.0": "410186602215",
                            "product_codes.#": "0",
                            "public": "true",
                            "root_device_name": "/dev/sda1",
                            "root_device_type": "ebs",
                            "root_snapshot_id": "snap-0b070efefe8146730",
                            "state": "available",
                            "state_reason.%": "2",
                            "state_reason.code": "UNSET",
                            "state_reason.message": "UNSET",
                            "tags.%": "0",
                            "virtualization_type": "hvm"
                        },
                        "meta": {},
                        "tainted": false
                    },
                    "deposed": [],
                    "provider": "provider.aws"
                },
                "data.aws_availability_zones.available": {
                    "type": "aws_availability_zones",
                    "depends_on": [],
                    "primary": {
                        "id": "2018-08-28 23:30:38.023242 +0000 UTC",
                        "attributes": {
                            "id": "2018-08-28 23:30:38.023242 +0000 UTC",
                            "names.#": "6",
                            "names.0": "us-east-1a",
                            "names.1": "us-east-1b",
                            "names.2": "us-east-1c",
                            "names.3": "us-east-1d",
                            "names.4": "us-east-1e",
                            "names.5": "us-east-1f"
                        },
                        "meta": {},
                        "tainted": false
                    },
                    "deposed": [],
                    "provider": "provider.aws"
                }
            },
            "depends_on": []
        }
    ]
}
