{
    "version": 3,
    "terraform_version": "0.11.8",
    "serial": 25,
    "lineage": "0b3abba0-993d-68f7-775d-b2b9be64724c",
    "modules": [
        {
            "path": [
                "root"
            ],
            "outputs": {
                "ansible_ip": {
                    "sensitive": false,
                    "type": "string",
                    "value": "34.229.22.48"
                },
                "jenkins_ip": {
                    "sensitive": false,
                    "type": "string",
                    "value": "18.232.81.43"
                }
            },
            "resources": {
                "aws_iam_instance_profile.ec2_profile": {
                    "type": "aws_iam_instance_profile",
                    "depends_on": [
                        "aws_iam_role.ec2_role"
                    ],
                    "primary": {
                        "id": "EC2_Profile",
                        "attributes": {
                            "arn": "arn:aws:iam::882165092973:instance-profile/EC2_Profile",
                            "create_date": "2018-08-29T21:33:13Z",
                            "id": "EC2_Profile",
                            "name": "EC2_Profile",
                            "path": "/",
                            "role": "EC2_Role",
                            "roles.#": "0",
                            "unique_id": "AIPAIS64SLWFU5LTZSJWW"
                        },
                        "meta": {},
                        "tainted": false
                    },
                    "deposed": [],
                    "provider": "provider.aws"
                },
                "aws_iam_policy_attachment.s3_ro_attach": {
                    "type": "aws_iam_policy_attachment",
                    "depends_on": [
                        "aws_iam_role.ec2_role"
                    ],
                    "primary": {
                        "id": "S3_ReadOnly",
                        "attributes": {
                            "groups.#": "0",
                            "id": "S3_ReadOnly",
                            "name": "S3_ReadOnly",
                            "policy_arn": "arn:aws:iam::aws:policy/AmazonS3ReadOnlyAccess",
                            "roles.#": "1",
                            "roles.1414691056": "EC2_Role",
                            "users.#": "0"
                        },
                        "meta": {},
                        "tainted": false
                    },
                    "deposed": [],
                    "provider": "provider.aws"
                },
                "aws_iam_policy_attachment.ses_rw_attach": {
                    "type": "aws_iam_policy_attachment",
                    "depends_on": [
                        "aws_iam_role.ec2_role"
                    ],
                    "primary": {
                        "id": "SES_FullAccess",
                        "attributes": {
                            "groups.#": "0",
                            "id": "SES_FullAccess",
                            "name": "SES_FullAccess",
                            "policy_arn": "arn:aws:iam::aws:policy/AmazonSESFullAccess",
                            "roles.#": "1",
                            "roles.1414691056": "EC2_Role",
                            "users.#": "0"
                        },
                        "meta": {},
                        "tainted": false
                    },
                    "deposed": [],
                    "provider": "provider.aws"
                },
                "aws_iam_role.ec2_role": {
                    "type": "aws_iam_role",
                    "depends_on": [],
                    "primary": {
                        "id": "EC2_Role",
                        "attributes": {
                            "arn": "arn:aws:iam::882165092973:role/EC2_Role",
                            "assume_role_policy": "{\"Version\":\"2012-10-17\",\"Statement\":[{\"Effect\":\"Allow\",\"Principal\":{\"Service\":\"ec2.amazonaws.com\"},\"Action\":\"sts:AssumeRole\"}]}",
                            "create_date": "2018-08-29T21:33:12Z",
                            "description": "Politica para los EC2",
                            "force_detach_policies": "false",
                            "id": "EC2_Role",
                            "max_session_duration": "3600",
                            "name": "EC2_Role",
                            "path": "/",
                            "unique_id": "AROAI55JE3V24N447F3IM"
                        },
                        "meta": {},
                        "tainted": false
                    },
                    "deposed": [],
                    "provider": "provider.aws"
                },
                "aws_instance.ansible": {
                    "type": "aws_instance",
                    "depends_on": [
                        "aws_iam_instance_profile.ec2_profile",
                        "aws_instance.jenkins",
                        "aws_s3_bucket.config",
                        "aws_s3_bucket_object.master_server_id_rsa",
                        "aws_security_group.general",
                        "aws_subnet.subnet_admin",
                        "data.aws_ami.amazon"
                    ],
                    "primary": {
                        "id": "i-044b60713705564dd",
                        "attributes": {
                            "ami": "ami-0e954744389be92b5",
                            "arn": "arn:aws:ec2:us-east-1:882165092973:instance/i-044b60713705564dd",
                            "associate_public_ip_address": "true",
                            "availability_zone": "us-east-1a",
                            "cpu_core_count": "1",
                            "cpu_threads_per_core": "2",
                            "credit_specification.#": "1",
                            "credit_specification.0.cpu_credits": "standard",
                            "disable_api_termination": "false",
                            "ebs_block_device.#": "0",
                            "ebs_optimized": "false",
                            "ephemeral_block_device.#": "0",
                            "get_password_data": "false",
                            "iam_instance_profile": "EC2_Profile",
                            "id": "i-044b60713705564dd",
                            "instance_state": "running",
                            "instance_type": "t3.nano",
                            "ipv6_addresses.#": "0",
                            "key_name": "tf_aws_javaExample",
                            "monitoring": "false",
                            "network_interface.#": "0",
                            "network_interface_id": "eni-0e1d9bb625850906b",
                            "password_data": "",
                            "placement_group": "",
                            "primary_network_interface_id": "eni-0e1d9bb625850906b",
                            "private_dns": "ip-10-0-99-157.ec2.internal",
                            "private_ip": "10.0.99.157",
                            "public_dns": "ec2-34-229-22-48.compute-1.amazonaws.com",
                            "public_ip": "34.229.22.48",
                            "root_block_device.#": "1",
                            "root_block_device.0.delete_on_termination": "true",
                            "root_block_device.0.iops": "100",
                            "root_block_device.0.volume_id": "vol-011af1e9eba11dfa2",
                            "root_block_device.0.volume_size": "8",
                            "root_block_device.0.volume_type": "gp2",
                            "security_groups.#": "0",
                            "source_dest_check": "true",
                            "subnet_id": "subnet-02f7c5da16011eefd",
                            "tags.%": "2",
                            "tags.Name": "ansible master server",
                            "tags.Type": "control server",
                            "tenancy": "default",
                            "user_data": "ea3a605ebd0a8287c26c1ccd0f611340a76e82df",
                            "volume_tags.%": "0",
                            "vpc_security_group_ids.#": "1",
                            "vpc_security_group_ids.633395231": "sg-0b3a5affbdb098a7e"
                        },
                        "meta": {
                            "e2bfb730-ecaa-11e6-8f88-34363bc7c4c0": {
                                "create": 600000000000,
                                "delete": 1200000000000,
                                "update": 600000000000
                            },
                            "schema_version": "1"
                        },
                        "tainted": false
                    },
                    "deposed": [],
                    "provider": "provider.aws"
                },
                "aws_instance.jenkins": {
                    "type": "aws_instance",
                    "depends_on": [
                        "aws_security_group.application_servers",
                        "aws_security_group.general",
                        "aws_subnet.subnet_admin",
                        "data.aws_ami.amazon"
                    ],
                    "primary": {
                        "id": "i-03909935993ed5ca5",
                        "attributes": {
                            "ami": "ami-0e954744389be92b5",
                            "arn": "arn:aws:ec2:us-east-1:882165092973:instance/i-03909935993ed5ca5",
                            "associate_public_ip_address": "true",
                            "availability_zone": "us-east-1a",
                            "cpu_core_count": "1",
                            "cpu_threads_per_core": "2",
                            "credit_specification.#": "1",
                            "credit_specification.0.cpu_credits": "standard",
                            "disable_api_termination": "false",
                            "ebs_block_device.#": "0",
                            "ebs_optimized": "false",
                            "ephemeral_block_device.#": "0",
                            "get_password_data": "false",
                            "iam_instance_profile": "",
                            "id": "i-03909935993ed5ca5",
                            "instance_state": "running",
                            "instance_type": "t3.small",
                            "ipv6_addresses.#": "0",
                            "key_name": "tf_aws_javaExample",
                            "monitoring": "false",
                            "network_interface.#": "0",
                            "network_interface_id": "eni-07193184f423ad5a3",
                            "password_data": "",
                            "placement_group": "",
                            "primary_network_interface_id": "eni-07193184f423ad5a3",
                            "private_dns": "ip-10-0-99-181.ec2.internal",
                            "private_ip": "10.0.99.181",
                            "public_dns": "ec2-18-232-81-43.compute-1.amazonaws.com",
                            "public_ip": "18.232.81.43",
                            "root_block_device.#": "1",
                            "root_block_device.0.delete_on_termination": "true",
                            "root_block_device.0.iops": "100",
                            "root_block_device.0.volume_id": "vol-0027939f991094e3d",
                            "root_block_device.0.volume_size": "8",
                            "root_block_device.0.volume_type": "gp2",
                            "security_groups.#": "0",
                            "source_dest_check": "true",
                            "subnet_id": "subnet-02f7c5da16011eefd",
                            "tags.%": "2",
                            "tags.Name": "jenkins server",
                            "tags.Type": "control server",
                            "tenancy": "default",
                            "volume_tags.%": "0",
                            "vpc_security_group_ids.#": "2",
                            "vpc_security_group_ids.3154489686": "sg-0ff245748f3643d88",
                            "vpc_security_group_ids.633395231": "sg-0b3a5affbdb098a7e"
                        },
                        "meta": {
                            "e2bfb730-ecaa-11e6-8f88-34363bc7c4c0": {
                                "create": 600000000000,
                                "delete": 1200000000000,
                                "update": 600000000000
                            },
                            "schema_version": "1"
                        },
                        "tainted": false
                    },
                    "deposed": [],
                    "provider": "provider.aws"
                },
                "aws_internet_gateway.gateway": {
                    "type": "aws_internet_gateway",
                    "depends_on": [
                        "aws_vpc.main"
                    ],
                    "primary": {
                        "id": "igw-0b3b0ecdf06e940a9",
                        "attributes": {
                            "id": "igw-0b3b0ecdf06e940a9",
                            "tags.%": "1",
                            "tags.Name": "main_gateway",
                            "vpc_id": "vpc-0f3a6881e3fcedc64"
                        },
                        "meta": {},
                        "tainted": false
                    },
                    "deposed": [],
                    "provider": "provider.aws"
                },
                "aws_route_table.route_table": {
                    "type": "aws_route_table",
                    "depends_on": [
                        "aws_internet_gateway.gateway",
                        "aws_vpc.main"
                    ],
                    "primary": {
                        "id": "rtb-03f7dcb48139f318b",
                        "attributes": {
                            "id": "rtb-03f7dcb48139f318b",
                            "propagating_vgws.#": "0",
                            "route.#": "1",
                            "route.4064032503.cidr_block": "0.0.0.0/0",
                            "route.4064032503.egress_only_gateway_id": "",
                            "route.4064032503.gateway_id": "igw-0b3b0ecdf06e940a9",
                            "route.4064032503.instance_id": "",
                            "route.4064032503.ipv6_cidr_block": "",
                            "route.4064032503.nat_gateway_id": "",
                            "route.4064032503.network_interface_id": "",
                            "route.4064032503.vpc_peering_connection_id": "",
                            "tags.%": "1",
                            "tags.Name": "Route Table Main_Gateway",
                            "vpc_id": "vpc-0f3a6881e3fcedc64"
                        },
                        "meta": {},
                        "tainted": false
                    },
                    "deposed": [],
                    "provider": "provider.aws"
                },
                "aws_route_table_association.rt_association_a": {
                    "type": "aws_route_table_association",
                    "depends_on": [
                        "aws_route_table.route_table",
                        "aws_subnet.subnet_a"
                    ],
                    "primary": {
                        "id": "rtbassoc-01b827e5f1a9ca364",
                        "attributes": {
                            "id": "rtbassoc-01b827e5f1a9ca364",
                            "route_table_id": "rtb-03f7dcb48139f318b",
                            "subnet_id": "subnet-01f5b345d5cdae419"
                        },
                        "meta": {},
                        "tainted": false
                    },
                    "deposed": [],
                    "provider": "provider.aws"
                },
                "aws_route_table_association.rt_association_admin": {
                    "type": "aws_route_table_association",
                    "depends_on": [
                        "aws_route_table.route_table",
                        "aws_subnet.subnet_admin"
                    ],
                    "primary": {
                        "id": "rtbassoc-0a783cd9767b9b959",
                        "attributes": {
                            "id": "rtbassoc-0a783cd9767b9b959",
                            "route_table_id": "rtb-03f7dcb48139f318b",
                            "subnet_id": "subnet-02f7c5da16011eefd"
                        },
                        "meta": {},
                        "tainted": false
                    },
                    "deposed": [],
                    "provider": "provider.aws"
                },
                "aws_route_table_association.rt_association_b": {
                    "type": "aws_route_table_association",
                    "depends_on": [
                        "aws_route_table.route_table",
                        "aws_subnet.subnet_b"
                    ],
                    "primary": {
                        "id": "rtbassoc-036f95f8a57e1d04c",
                        "attributes": {
                            "id": "rtbassoc-036f95f8a57e1d04c",
                            "route_table_id": "rtb-03f7dcb48139f318b",
                            "subnet_id": "subnet-0b78118ec9b3b5107"
                        },
                        "meta": {},
                        "tainted": false
                    },
                    "deposed": [],
                    "provider": "provider.aws"
                },
                "aws_s3_bucket.config": {
                    "type": "aws_s3_bucket",
                    "depends_on": [],
                    "primary": {
                        "id": "tf-aws-configuration-bucket",
                        "attributes": {
                            "acceleration_status": "",
                            "acl": "private",
                            "arn": "arn:aws:s3:::tf-aws-configuration-bucket",
                            "bucket": "tf-aws-configuration-bucket",
                            "bucket_domain_name": "tf-aws-configuration-bucket.s3.amazonaws.com",
                            "bucket_regional_domain_name": "tf-aws-configuration-bucket.s3.amazonaws.com",
                            "cors_rule.#": "0",
                            "force_destroy": "false",
                            "hosted_zone_id": "Z3AQBSTGFYJSTF",
                            "id": "tf-aws-configuration-bucket",
                            "logging.#": "0",
                            "region": "us-east-1",
                            "replication_configuration.#": "0",
                            "request_payer": "BucketOwner",
                            "server_side_encryption_configuration.#": "0",
                            "tags.%": "2",
                            "tags.Environment": "Deployment",
                            "tags.Name": "Bucket for configuration files",
                            "versioning.#": "1",
                            "versioning.0.enabled": "false",
                            "versioning.0.mfa_delete": "false",
                            "website.#": "0"
                        },
                        "meta": {},
                        "tainted": false
                    },
                    "deposed": [],
                    "provider": "provider.aws"
                },
                "aws_s3_bucket_object.master_server_id_rsa": {
                    "type": "aws_s3_bucket_object",
                    "depends_on": [
                        "aws_s3_bucket.config"
                    ],
                    "primary": {
                        "id": "master_server_id_rsa",
                        "attributes": {
                            "acl": "private",
                            "bucket": "tf-aws-configuration-bucket",
                            "cache_control": "",
                            "content_disposition": "",
                            "content_encoding": "",
                            "content_language": "",
                            "content_type": "binary/octet-stream",
                            "etag": "5def49d778263a525c2e44a88650fe45",
                            "id": "master_server_id_rsa",
                            "key": "master_server_id_rsa",
                            "server_side_encryption": "",
                            "source": "credentials/master_server_id_rsa",
                            "storage_class": "STANDARD",
                            "tags.%": "0",
                            "version_id": "",
                            "website_redirect": ""
                        },
                        "meta": {},
                        "tainted": false
                    },
                    "deposed": [],
                    "provider": "provider.aws"
                },
                "aws_s3_bucket_object.master_server_id_rsa-pub": {
                    "type": "aws_s3_bucket_object",
                    "depends_on": [
                        "aws_s3_bucket.config"
                    ],
                    "primary": {
                        "id": "master_server_id_rsa.pub",
                        "attributes": {
                            "acl": "private",
                            "bucket": "tf-aws-configuration-bucket",
                            "cache_control": "",
                            "content_disposition": "",
                            "content_encoding": "",
                            "content_language": "",
                            "content_type": "binary/octet-stream",
                            "etag": "15b9972ed28da6525910b9ea06915567",
                            "id": "master_server_id_rsa.pub",
                            "key": "master_server_id_rsa.pub",
                            "server_side_encryption": "",
                            "source": "credentials/master_server_id_rsa.pub",
                            "storage_class": "STANDARD",
                            "tags.%": "0",
                            "version_id": "",
                            "website_redirect": ""
                        },
                        "meta": {},
                        "tainted": false
                    },
                    "deposed": [],
                    "provider": "provider.aws"
                },
                "aws_security_group.application_servers": {
                    "type": "aws_security_group",
                    "depends_on": [
                        "aws_vpc.main"
                    ],
                    "primary": {
                        "id": "sg-0ff245748f3643d88",
                        "attributes": {
                            "arn": "arn:aws:ec2:us-east-1:882165092973:security-group/sg-0ff245748f3643d88",
                            "description": "Allow Inbound/Outbound Traffic for Application Servers",
                            "egress.#": "0",
                            "id": "sg-0ff245748f3643d88",
                            "ingress.#": "1",
                            "ingress.516175195.cidr_blocks.#": "1",
                            "ingress.516175195.cidr_blocks.0": "0.0.0.0/0",
                            "ingress.516175195.description": "",
                            "ingress.516175195.from_port": "8080",
                            "ingress.516175195.ipv6_cidr_blocks.#": "0",
                            "ingress.516175195.protocol": "tcp",
                            "ingress.516175195.security_groups.#": "0",
                            "ingress.516175195.self": "false",
                            "ingress.516175195.to_port": "8080",
                            "name": "Application Server Security Group",
                            "owner_id": "882165092973",
                            "revoke_rules_on_delete": "false",
                            "tags.%": "0",
                            "vpc_id": "vpc-0f3a6881e3fcedc64"
                        },
                        "meta": {
                            "e2bfb730-ecaa-11e6-8f88-34363bc7c4c0": {
                                "create": 600000000000,
                                "delete": 600000000000
                            },
                            "schema_version": "1"
                        },
                        "tainted": false
                    },
                    "deposed": [],
                    "provider": "provider.aws"
                },
                "aws_security_group.general": {
                    "type": "aws_security_group",
                    "depends_on": [
                        "aws_vpc.main"
                    ],
                    "primary": {
                        "id": "sg-0b3a5affbdb098a7e",
                        "attributes": {
                            "arn": "arn:aws:ec2:us-east-1:882165092973:security-group/sg-0b3a5affbdb098a7e",
                            "description": "Allow Inbound/Outbound Traffic for All Servers",
                            "egress.#": "1",
                            "egress.482069346.cidr_blocks.#": "1",
                            "egress.482069346.cidr_blocks.0": "0.0.0.0/0",
                            "egress.482069346.description": "",
                            "egress.482069346.from_port": "0",
                            "egress.482069346.ipv6_cidr_blocks.#": "0",
                            "egress.482069346.prefix_list_ids.#": "0",
                            "egress.482069346.protocol": "-1",
                            "egress.482069346.security_groups.#": "0",
                            "egress.482069346.self": "false",
                            "egress.482069346.to_port": "0",
                            "id": "sg-0b3a5affbdb098a7e",
                            "ingress.#": "1",
                            "ingress.2541437006.cidr_blocks.#": "1",
                            "ingress.2541437006.cidr_blocks.0": "0.0.0.0/0",
                            "ingress.2541437006.description": "",
                            "ingress.2541437006.from_port": "22",
                            "ingress.2541437006.ipv6_cidr_blocks.#": "0",
                            "ingress.2541437006.protocol": "tcp",
                            "ingress.2541437006.security_groups.#": "0",
                            "ingress.2541437006.self": "false",
                            "ingress.2541437006.to_port": "22",
                            "name": "General Security Group",
                            "owner_id": "882165092973",
                            "revoke_rules_on_delete": "false",
                            "tags.%": "0",
                            "vpc_id": "vpc-0f3a6881e3fcedc64"
                        },
                        "meta": {
                            "e2bfb730-ecaa-11e6-8f88-34363bc7c4c0": {
                                "create": 600000000000,
                                "delete": 600000000000
                            },
                            "schema_version": "1"
                        },
                        "tainted": false
                    },
                    "deposed": [],
                    "provider": "provider.aws"
                },
                "aws_security_group.web_servers": {
                    "type": "aws_security_group",
                    "depends_on": [
                        "aws_vpc.main"
                    ],
                    "primary": {
                        "id": "sg-0d16100f699c107eb",
                        "attributes": {
                            "arn": "arn:aws:ec2:us-east-1:882165092973:security-group/sg-0d16100f699c107eb",
                            "description": "Allow Inbound/Outbound Traffic for Web Servers",
                            "egress.#": "0",
                            "id": "sg-0d16100f699c107eb",
                            "ingress.#": "1",
                            "ingress.2214680975.cidr_blocks.#": "1",
                            "ingress.2214680975.cidr_blocks.0": "0.0.0.0/0",
                            "ingress.2214680975.description": "",
                            "ingress.2214680975.from_port": "80",
                            "ingress.2214680975.ipv6_cidr_blocks.#": "0",
                            "ingress.2214680975.protocol": "tcp",
                            "ingress.2214680975.security_groups.#": "0",
                            "ingress.2214680975.self": "false",
                            "ingress.2214680975.to_port": "80",
                            "name": "Web Server Security Group",
                            "owner_id": "882165092973",
                            "revoke_rules_on_delete": "false",
                            "tags.%": "0",
                            "vpc_id": "vpc-0f3a6881e3fcedc64"
                        },
                        "meta": {
                            "e2bfb730-ecaa-11e6-8f88-34363bc7c4c0": {
                                "create": 600000000000,
                                "delete": 600000000000
                            },
                            "schema_version": "1"
                        },
                        "tainted": false
                    },
                    "deposed": [],
                    "provider": "provider.aws"
                },
                "aws_subnet.subnet_a": {
                    "type": "aws_subnet",
                    "depends_on": [
                        "aws_vpc.main",
                        "data.aws_availability_zones.available"
                    ],
                    "primary": {
                        "id": "subnet-01f5b345d5cdae419",
                        "attributes": {
                            "arn": "arn:aws:ec2:us-east-1:882165092973:subnet/subnet-01f5b345d5cdae419",
                            "assign_ipv6_address_on_creation": "false",
                            "availability_zone": "us-east-1b",
                            "cidr_block": "10.0.1.0/24",
                            "id": "subnet-01f5b345d5cdae419",
                            "map_public_ip_on_launch": "true",
                            "tags.%": "1",
                            "tags.Name": "main_subnet_a",
                            "vpc_id": "vpc-0f3a6881e3fcedc64"
                        },
                        "meta": {
                            "schema_version": "1"
                        },
                        "tainted": false
                    },
                    "deposed": [],
                    "provider": "provider.aws"
                },
                "aws_subnet.subnet_admin": {
                    "type": "aws_subnet",
                    "depends_on": [
                        "aws_vpc.main",
                        "data.aws_availability_zones.available"
                    ],
                    "primary": {
                        "id": "subnet-02f7c5da16011eefd",
                        "attributes": {
                            "arn": "arn:aws:ec2:us-east-1:882165092973:subnet/subnet-02f7c5da16011eefd",
                            "assign_ipv6_address_on_creation": "false",
                            "availability_zone": "us-east-1a",
                            "cidr_block": "10.0.99.0/24",
                            "id": "subnet-02f7c5da16011eefd",
                            "map_public_ip_on_launch": "true",
                            "tags.%": "1",
                            "tags.Name": "main_subnet_admin",
                            "vpc_id": "vpc-0f3a6881e3fcedc64"
                        },
                        "meta": {
                            "schema_version": "1"
                        },
                        "tainted": false
                    },
                    "deposed": [],
                    "provider": "provider.aws"
                },
                "aws_subnet.subnet_b": {
                    "type": "aws_subnet",
                    "depends_on": [
                        "aws_vpc.main",
                        "data.aws_availability_zones.available"
                    ],
                    "primary": {
                        "id": "subnet-0b78118ec9b3b5107",
                        "attributes": {
                            "arn": "arn:aws:ec2:us-east-1:882165092973:subnet/subnet-0b78118ec9b3b5107",
                            "assign_ipv6_address_on_creation": "false",
                            "availability_zone": "us-east-1c",
                            "cidr_block": "10.0.2.0/24",
                            "id": "subnet-0b78118ec9b3b5107",
                            "map_public_ip_on_launch": "true",
                            "tags.%": "1",
                            "tags.Name": "main_subnet_b",
                            "vpc_id": "vpc-0f3a6881e3fcedc64"
                        },
                        "meta": {
                            "schema_version": "1"
                        },
                        "tainted": false
                    },
                    "deposed": [],
                    "provider": "provider.aws"
                },
                "aws_vpc.main": {
                    "type": "aws_vpc",
                    "depends_on": [],
                    "primary": {
                        "id": "vpc-0f3a6881e3fcedc64",
                        "attributes": {
                            "arn": "arn:aws:ec2:us-east-1:882165092973:vpc/vpc-0f3a6881e3fcedc64",
                            "assign_generated_ipv6_cidr_block": "false",
                            "cidr_block": "10.0.0.0/16",
                            "default_network_acl_id": "acl-0dc8e676973279be2",
                            "default_route_table_id": "rtb-096f914daed7cb689",
                            "default_security_group_id": "sg-0b2fdc33c5afa375a",
                            "dhcp_options_id": "dopt-0bb10770",
                            "enable_classiclink": "false",
                            "enable_classiclink_dns_support": "false",
                            "enable_dns_hostnames": "true",
                            "enable_dns_support": "true",
                            "id": "vpc-0f3a6881e3fcedc64",
                            "instance_tenancy": "default",
                            "main_route_table_id": "rtb-096f914daed7cb689",
                            "tags.%": "2",
                            "tags.Description": "In this VPC is the home of tf_aws_javaExample project",
                            "tags.Name": "main"
                        },
                        "meta": {
                            "schema_version": "1"
                        },
                        "tainted": false
                    },
                    "deposed": [],
                    "provider": "provider.aws"
                },
                "data.aws_ami.amazon": {
                    "type": "aws_ami",
                    "depends_on": [],
                    "primary": {
                        "id": "ami-0e954744389be92b5",
                        "attributes": {
                            "architecture": "x86_64",
                            "block_device_mappings.#": "1",
                            "block_device_mappings.340275815.device_name": "/dev/xvda",
                            "block_device_mappings.340275815.ebs.%": "6",
                            "block_device_mappings.340275815.ebs.delete_on_termination": "true",
                            "block_device_mappings.340275815.ebs.encrypted": "false",
                            "block_device_mappings.340275815.ebs.iops": "0",
                            "block_device_mappings.340275815.ebs.snapshot_id": "snap-03582ae72dcd9b658",
                            "block_device_mappings.340275815.ebs.volume_size": "8",
                            "block_device_mappings.340275815.ebs.volume_type": "gp2",
                            "block_device_mappings.340275815.no_device": "",
                            "block_device_mappings.340275815.virtual_name": "",
                            "creation_date": "2018-08-13T18:40:43.000Z",
                            "description": "Amazon Linux 2 LTS with SQL Server 2017 Web Edition AMI provided by Amazon",
                            "filter.#": "2",
                            "filter.2026626658.name": "name",
                            "filter.2026626658.values.#": "1",
                            "filter.2026626658.values.0": "amzn2-ami-hvm-*",
                            "filter.574890044.name": "owner-alias",
                            "filter.574890044.values.#": "1",
                            "filter.574890044.values.0": "amazon",
                            "hypervisor": "xen",
                            "id": "ami-0e954744389be92b5",
                            "image_id": "ami-0e954744389be92b5",
                            "image_location": "amazon/amzn2-ami-hvm-2.0.20180622.1-x86_64-gp2-SQL_2017_Web-2018.08.15",
                            "image_owner_alias": "amazon",
                            "image_type": "machine",
                            "most_recent": "true",
                            "name": "amzn2-ami-hvm-2.0.20180622.1-x86_64-gp2-SQL_2017_Web-2018.08.15",
                            "owner_id": "801119661308",
                            "product_codes.#": "0",
                            "public": "true",
                            "root_device_name": "/dev/xvda",
                            "root_device_type": "ebs",
                            "root_snapshot_id": "snap-03582ae72dcd9b658",
                            "sriov_net_support": "simple",
                            "state": "available",
                            "state_reason.%": "2",
                            "state_reason.code": "UNSET",
                            "state_reason.message": "UNSET",
                            "tags.%": "0",
                            "virtualization_type": "hvm"
                        },
                        "meta": {},
                        "tainted": false
                    },
                    "deposed": [],
                    "provider": "provider.aws"
                },
                "data.aws_ami.centos": {
                    "type": "aws_ami",
                    "depends_on": [],
                    "primary": {
                        "id": "ami-3bf1b444",
                        "attributes": {
                            "architecture": "x86_64",
                            "block_device_mappings.#": "1",
                            "block_device_mappings.1564431925.device_name": "/dev/sda1",
                            "block_device_mappings.1564431925.ebs.%": "6",
                            "block_device_mappings.1564431925.ebs.delete_on_termination": "false",
                            "block_device_mappings.1564431925.ebs.encrypted": "false",
                            "block_device_mappings.1564431925.ebs.iops": "0",
                            "block_device_mappings.1564431925.ebs.snapshot_id": "snap-0b070efefe8146730",
                            "block_device_mappings.1564431925.ebs.volume_size": "10",
                            "block_device_mappings.1564431925.ebs.volume_type": "standard",
                            "block_device_mappings.1564431925.no_device": "",
                            "block_device_mappings.1564431925.virtual_name": "",
                            "creation_date": "2018-06-11T15:59:16.000Z",
                            "description": "CentOS Atomic Host 7 x86_64 HVM EBS 1805_01",
                            "filter.#": "1",
                            "filter.490168357.name": "virtualization-type",
                            "filter.490168357.values.#": "1",
                            "filter.490168357.values.0": "hvm",
                            "hypervisor": "xen",
                            "id": "ami-3bf1b444",
                            "image_id": "ami-3bf1b444",
                            "image_location": "410186602215/CentOS Atomic Host 7 x86_64 HVM EBS 1805_01",
                            "image_type": "machine",
                            "most_recent": "true",
                            "name": "CentOS Atomic Host 7 x86_64 HVM EBS 1805_01",
                            "owner_id": "410186602215",
                            "owners.#": "1",
                            "owners.0": "410186602215",
                            "product_codes.#": "0",
                            "public": "true",
                            "root_device_name": "/dev/sda1",
                            "root_device_type": "ebs",
                            "root_snapshot_id": "snap-0b070efefe8146730",
                            "state": "available",
                            "state_reason.%": "2",
                            "state_reason.code": "UNSET",
                            "state_reason.message": "UNSET",
                            "tags.%": "0",
                            "virtualization_type": "hvm"
                        },
                        "meta": {},
                        "tainted": false
                    },
                    "deposed": [],
                    "provider": "provider.aws"
                },
                "data.aws_availability_zones.available": {
                    "type": "aws_availability_zones",
                    "depends_on": [],
                    "primary": {
                        "id": "2018-08-29 21:32:54.557027311 +0000 UTC",
                        "attributes": {
                            "id": "2018-08-29 21:32:54.557027311 +0000 UTC",
                            "names.#": "6",
                            "names.0": "us-east-1a",
                            "names.1": "us-east-1b",
                            "names.2": "us-east-1c",
                            "names.3": "us-east-1d",
                            "names.4": "us-east-1e",
                            "names.5": "us-east-1f"
                        },
                        "meta": {},
                        "tainted": false
                    },
                    "deposed": [],
                    "provider": "provider.aws"
                },
                "data.template_file.ansible-hosts": {
                    "type": "template_file",
                    "depends_on": [
                        "aws_instance.ansible",
                        "aws_instance.jenkins"
                    ],
                    "primary": {
                        "id": "66f04fcce5abd58a330ebab78501f82fecd4cce5e6b598b6bfea62ce0d8afe62",
                        "attributes": {
                            "id": "66f04fcce5abd58a330ebab78501f82fecd4cce5e6b598b6bfea62ce0d8afe62",
                            "rendered": "#!/bin/bash\n\ncat \u003e tf_aws_javaExample.hosts \u003c\u003c EOL\n[jenkins]\n18.232.81.43\n\n[ansible]\n34.229.22.48\nEOL",
                            "template": "#!/bin/bash\n\ncat \u003e tf_aws_javaExample.hosts \u003c\u003c EOL\n[jenkins]\n${jenkins_ip}\n\n[ansible]\n${ansible_ip}\nEOL",
                            "vars.%": "2",
                            "vars.ansible_ip": "34.229.22.48",
                            "vars.jenkins_ip": "18.232.81.43"
                        },
                        "meta": {},
                        "tainted": false
                    },
                    "deposed": [],
                    "provider": "provider.template"
                }
            },
            "depends_on": []
        }
    ]
}
